// !$*UTF8*$!
{
	archiveVersion = 1;
	classes = {
	};
	objectVersion = 50;
	objects = {

/* Begin PBXBuildFile section */
		1A90F28924B5743100197B52 /* AppDelegate.swift in Sources */ = {isa = PBXBuildFile; fileRef = 1A90F28824B5743100197B52 /* AppDelegate.swift */; };
		1A90F28B24B5743100197B52 /* SceneDelegate.swift in Sources */ = {isa = PBXBuildFile; fileRef = 1A90F28A24B5743100197B52 /* SceneDelegate.swift */; };
		1A90F28D24B5743100197B52 /* ViewController.swift in Sources */ = {isa = PBXBuildFile; fileRef = 1A90F28C24B5743100197B52 /* ViewController.swift */; };
		1A90F29024B5743100197B52 /* Main.storyboard in Resources */ = {isa = PBXBuildFile; fileRef = 1A90F28E24B5743100197B52 /* Main.storyboard */; };
		1A90F29324B5743100197B52 /* MyWeather.xcdatamodeld in Sources */ = {isa = PBXBuildFile; fileRef = 1A90F29124B5743100197B52 /* MyWeather.xcdatamodeld */; };
		1A90F29524B5743A00197B52 /* Assets.xcassets in Resources */ = {isa = PBXBuildFile; fileRef = 1A90F29424B5743A00197B52 /* Assets.xcassets */; };
		1A90F29824B5743A00197B52 /* LaunchScreen.storyboard in Resources */ = {isa = PBXBuildFile; fileRef = 1A90F29624B5743A00197B52 /* LaunchScreen.storyboard */; };
		1A90F2A324B5743A00197B52 /* MyWeatherTests.swift in Sources */ = {isa = PBXBuildFile; fileRef = 1A90F2A224B5743A00197B52 /* MyWeatherTests.swift */; };
		1A90F2AE24B5743A00197B52 /* MyWeatherUITests.swift in Sources */ = {isa = PBXBuildFile; fileRef = 1A90F2AD24B5743A00197B52 /* MyWeatherUITests.swift */; };
/* End PBXBuildFile section */

/* Begin PBXContainerItemProxy section */
		1A90F29F24B5743A00197B52 /* PBXContainerItemProxy */ = {
			isa = PBXContainerItemProxy;
			containerPortal = 1A90F27D24B5743100197B52 /* Project object */;
			proxyType = 1;
			remoteGlobalIDString = 1A90F28424B5743100197B52;
			remoteInfo = MyWeather;
		};
		1A90F2AA24B5743A00197B52 /* PBXContainerItemProxy */ = {
			isa = PBXContainerItemProxy;
			containerPortal = 1A90F27D24B5743100197B52 /* Project object */;
			proxyType = 1;
			remoteGlobalIDString = 1A90F28424B5743100197B52;
			remoteInfo = MyWeather;
		};
/* End PBXContainerItemProxy section */

/* Begin PBXFileReference section */
		1A90F28524B5743100197B52 /* MyWeather.app */ = {isa = PBXFileReference; explicitFileType = wrapper.application; includeInIndex = 0; path = MyWeather.app; sourceTree = BUILT_PRODUCTS_DIR; };
		1A90F28824B5743100197B52 /* AppDelegate.swift */ = {isa = PBXFileReference; lastKnownFileType = sourcecode.swift; path = AppDelegate.swift; sourceTree = "<group>"; };
		1A90F28A24B5743100197B52 /* SceneDelegate.swift */ = {isa = PBXFileReference; lastKnownFileType = sourcecode.swift; path = SceneDelegate.swift; sourceTree = "<group>"; };
		1A90F28C24B5743100197B52 /* ViewController.swift */ = {isa = PBXFileReference; lastKnownFileType = sourcecode.swift; path = ViewController.swift; sourceTree = "<group>"; };
		1A90F28F24B5743100197B52 /* Base */ = {isa = PBXFileReference; lastKnownFileType = file.storyboard; name = Base; path = Base.lproj/Main.storyboard; sourceTree = "<group>"; };
		1A90F29224B5743100197B52 /* MyWeather.xcdatamodel */ = {isa = PBXFileReference; lastKnownFileType = wrapper.xcdatamodel; path = MyWeather.xcdatamodel; sourceTree = "<group>"; };
		1A90F29424B5743A00197B52 /* Assets.xcassets */ = {isa = PBXFileReference; lastKnownFileType = folder.assetcatalog; path = Assets.xcassets; sourceTree = "<group>"; };
		1A90F29724B5743A00197B52 /* Base */ = {isa = PBXFileReference; lastKnownFileType = file.storyboard; name = Base; path = Base.lproj/LaunchScreen.storyboard; sourceTree = "<group>"; };
		1A90F29924B5743A00197B52 /* Info.plist */ = {isa = PBXFileReference; lastKnownFileType = text.plist.xml; path = Info.plist; sourceTree = "<group>"; };
		1A90F29E24B5743A00197B52 /* MyWeatherTests.xctest */ = {isa = PBXFileReference; explicitFileType = wrapper.cfbundle; includeInIndex = 0; path = MyWeatherTests.xctest; sourceTree = BUILT_PRODUCTS_DIR; };
		1A90F2A224B5743A00197B52 /* MyWeatherTests.swift */ = {isa = PBXFileReference; lastKnownFileType = sourcecode.swift; path = MyWeatherTests.swift; sourceTree = "<group>"; };
		1A90F2A424B5743A00197B52 /* Info.plist */ = {isa = PBXFileReference; lastKnownFileType = text.plist.xml; path = Info.plist; sourceTree = "<group>"; };
		1A90F2A924B5743A00197B52 /* MyWeatherUITests.xctest */ = {isa = PBXFileReference; explicitFileType = wrapper.cfbundle; includeInIndex = 0; path = MyWeatherUITests.xctest; sourceTree = BUILT_PRODUCTS_DIR; };
		1A90F2AD24B5743A00197B52 /* MyWeatherUITests.swift */ = {isa = PBXFileReference; lastKnownFileType = sourcecode.swift; path = MyWeatherUITests.swift; sourceTree = "<group>"; };
		1A90F2AF24B5743A00197B52 /* Info.plist */ = {isa = PBXFileReference; lastKnownFileType = text.plist.xml; path = Info.plist; sourceTree = "<group>"; };
/* End PBXFileReference section */

/* Begin PBXFrameworksBuildPhase section */
		1A90F28224B5743100197B52 /* Frameworks */ = {
			isa = PBXFrameworksBuildPhase;
			buildActionMask = 2147483647;
			files = (
			);
			runOnlyForDeploymentPostprocessing = 0;
		};
		1A90F29B24B5743A00197B52 /* Frameworks */ = {
			isa = PBXFrameworksBuildPhase;
			buildActionMask = 2147483647;
			files = (
			);
			runOnlyForDeploymentPostprocessing = 0;
		};
		1A90F2A624B5743A00197B52 /* Frameworks */ = {
			isa = PBXFrameworksBuildPhase;
			buildActionMask = 2147483647;
			files = (
			);
			runOnlyForDeploymentPostprocessing = 0;
		};
/* End PBXFrameworksBuildPhase section */

/* Begin PBXGroup section */
		1A90F27C24B5743100197B52 = {
			isa = PBXGroup;
			children = (
				1A90F28724B5743100197B52 /* MyWeather */,
				1A90F2A124B5743A00197B52 /* MyWeatherTests */,
				1A90F2AC24B5743A00197B52 /* MyWeatherUITests */,
				1A90F28624B5743100197B52 /* Products */,
			);
			sourceTree = "<group>";
		};
		1A90F28624B5743100197B52 /* Products */ = {
			isa = PBXGroup;
			children = (
				1A90F28524B5743100197B52 /* MyWeather.app */,
				1A90F29E24B5743A00197B52 /* MyWeatherTests.xctest */,
				1A90F2A924B5743A00197B52 /* MyWeatherUITests.xctest */,
			);
			name = Products;
			sourceTree = "<group>";
		};
		1A90F28724B5743100197B52 /* MyWeather */ = {
			isa = PBXGroup;
			children = (
				1A90F28824B5743100197B52 /* AppDelegate.swift */,
				1A90F28A24B5743100197B52 /* SceneDelegate.swift */,
				1A90F28C24B5743100197B52 /* ViewController.swift */,
				1A90F28E24B5743100197B52 /* Main.storyboard */,
				1A90F29424B5743A00197B52 /* Assets.xcassets */,
				1A90F29624B5743A00197B52 /* LaunchScreen.storyboard */,
				1A90F29924B5743A00197B52 /* Info.plist */,
				1A90F29124B5743100197B52 /* MyWeather.xcdatamodeld */,
			);
			path = MyWeather;
			sourceTree = "<group>";
		};
		1A90F2A124B5743A00197B52 /* MyWeatherTests */ = {
			isa = PBXGroup;
			children = (
				1A90F2A224B5743A00197B52 /* MyWeatherTests.swift */,
				1A90F2A424B5743A00197B52 /* Info.plist */,
			);
			path = MyWeatherTests;
			sourceTree = "<group>";
		};
		1A90F2AC24B5743A00197B52 /* MyWeatherUITests */ = {
			isa = PBXGroup;
			children = (
				1A90F2AD24B5743A00197B52 /* MyWeatherUITests.swift */,
				1A90F2AF24B5743A00197B52 /* Info.plist */,
			);
			path = MyWeatherUITests;
			sourceTree = "<group>";
		};
/* End PBXGroup section */

/* Begin PBXNativeTarget section */
		1A90F28424B5743100197B52 /* MyWeather */ = {
			isa = PBXNativeTarget;
			buildConfigurationList = 1A90F2B224B5743A00197B52 /* Build configuration list for PBXNativeTarget "MyWeather" */;
			buildPhases = (
				1A90F28124B5743100197B52 /* Sources */,
				1A90F28224B5743100197B52 /* Frameworks */,
				1A90F28324B5743100197B52 /* Resources */,
			);
			buildRules = (
			);
			dependencies = (
			);
			name = MyWeather;
			productName = MyWeather;
			productReference = 1A90F28524B5743100197B52 /* MyWeather.app */;
			productType = "com.apple.product-type.application";
		};
		1A90F29D24B5743A00197B52 /* MyWeatherTests */ = {
			isa = PBXNativeTarget;
			buildConfigurationList = 1A90F2B524B5743A00197B52 /* Build configuration list for PBXNativeTarget "MyWeatherTests" */;
			buildPhases = (
				1A90F29A24B5743A00197B52 /* Sources */,
				1A90F29B24B5743A00197B52 /* Frameworks */,
				1A90F29C24B5743A00197B52 /* Resources */,
			);
			buildRules = (
			);
			dependencies = (
				1A90F2A024B5743A00197B52 /* PBXTargetDependency */,
			);
			name = MyWeatherTests;
			productName = MyWeatherTests;
			productReference = 1A90F29E24B5743A00197B52 /* MyWeatherTests.xctest */;
			productType = "com.apple.product-type.bundle.unit-test";
		};
		1A90F2A824B5743A00197B52 /* MyWeatherUITests */ = {
			isa = PBXNativeTarget;
			buildConfigurationList = 1A90F2B824B5743A00197B52 /* Build configuration list for PBXNativeTarget "MyWeatherUITests" */;
			buildPhases = (
				1A90F2A524B5743A00197B52 /* Sources */,
				1A90F2A624B5743A00197B52 /* Frameworks */,
				1A90F2A724B5743A00197B52 /* Resources */,
			);
			buildRules = (
			);
			dependencies = (
				1A90F2AB24B5743A00197B52 /* PBXTargetDependency */,
			);
			name = MyWeatherUITests;
			productName = MyWeatherUITests;
			productReference = 1A90F2A924B5743A00197B52 /* MyWeatherUITests.xctest */;
			productType = "com.apple.product-type.bundle.ui-testing";
		};
/* End PBXNativeTarget section */

/* Begin PBXProject section */
		1A90F27D24B5743100197B52 /* Project object */ = {
			isa = PBXProject;
			attributes = {
				LastSwiftUpdateCheck = 1150;
				LastUpgradeCheck = 1150;
				TargetAttributes = {
					1A90F28424B5743100197B52 = {
						CreatedOnToolsVersion = 11.5;
					};
					1A90F29D24B5743A00197B52 = {
						CreatedOnToolsVersion = 11.5;
						TestTargetID = 1A90F28424B5743100197B52;
					};
					1A90F2A824B5743A00197B52 = {
						CreatedOnToolsVersion = 11.5;
						TestTargetID = 1A90F28424B5743100197B52;
					};
				};
			};
			buildConfigurationList = 1A90F28024B5743100197B52 /* Build configuration list for PBXProject "MyWeather" */;
			compatibilityVersion = "Xcode 9.3";
			developmentRegion = en;
			hasScannedForEncodings = 0;
			knownRegions = (
				en,
				Base,
			);
			mainGroup = 1A90F27C24B5743100197B52;
			productRefGroup = 1A90F28624B5743100197B52 /* Products */;
			projectDirPath = "";
			projectRoot = "";
			targets = (
				1A90F28424B5743100197B52 /* MyWeather */,
				1A90F29D24B5743A00197B52 /* MyWeatherTests */,
				1A90F2A824B5743A00197B52 /* MyWeatherUITests */,
			);
		};
/* End PBXProject section */

/* Begin PBXResourcesBuildPhase section */
		1A90F28324B5743100197B52 /* Resources */ = {
			isa = PBXResourcesBuildPhase;
			buildActionMask = 2147483647;
			files = (
				1A90F29824B5743A00197B52 /* LaunchScreen.storyboard in Resources */,
				1A90F29524B5743A00197B52 /* Assets.xcassets in Resources */,
				1A90F29024B5743100197B52 /* Main.storyboard in Resources */,
			);
			runOnlyForDeploymentPostprocessing = 0;
		};
		1A90F29C24B5743A00197B52 /* Resources */ = {
			isa = PBXResourcesBuildPhase;
			buildActionMask = 2147483647;
			files = (
			);
			runOnlyForDeploymentPostprocessing = 0;
		};
		1A90F2A724B5743A00197B52 /* Resources */ = {
			isa = PBXResourcesBuildPhase;
			buildActionMask = 2147483647;
			files = (
			);
			runOnlyForDeploymentPostprocessing = 0;
		};
/* End PBXResourcesBuildPhase section */

/* Begin PBXSourcesBuildPhase section */
		1A90F28124B5743100197B52 /* Sources */ = {
			isa = PBXSourcesBuildPhase;
			buildActionMask = 2147483647;
			files = (
				1A90F29324B5743100197B52 /* MyWeather.xcdatamodeld in Sources */,
				1A90F28D24B5743100197B52 /* ViewController.swift in Sources */,
				1A90F28924B5743100197B52 /* AppDelegate.swift in Sources */,
				1A90F28B24B5743100197B52 /* SceneDelegate.swift in Sources */,
			);
			runOnlyForDeploymentPostprocessing = 0;
		};
		1A90F29A24B5743A00197B52 /* Sources */ = {
			isa = PBXSourcesBuildPhase;
			buildActionMask = 2147483647;
			files = (
				1A90F2A324B5743A00197B52 /* MyWeatherTests.swift in Sources */,
			);
			runOnlyForDeploymentPostprocessing = 0;
		};
		1A90F2A524B5743A00197B52 /* Sources */ = {
			isa = PBXSourcesBuildPhase;
			buildActionMask = 2147483647;
			files = (
				1A90F2AE24B5743A00197B52 /* MyWeatherUITests.swift in Sources */,
			);
			runOnlyForDeploymentPostprocessing = 0;
		};
/* End PBXSourcesBuildPhase section */

/* Begin PBXTargetDependency section */
		1A90F2A024B5743A00197B52 /* PBXTargetDependency */ = {
			isa = PBXTargetDependency;
			target = 1A90F28424B5743100197B52 /* MyWeather */;
			targetProxy = 1A90F29F24B5743A00197B52 /* PBXContainerItemProxy */;
		};
		1A90F2AB24B5743A00197B52 /* PBXTargetDependency */ = {
			isa = PBXTargetDependency;
			target = 1A90F28424B5743100197B52 /* MyWeather */;
			targetProxy = 1A90F2AA24B5743A00197B52 /* PBXContainerItemProxy */;
		};
/* End PBXTargetDependency section */

/* Begin PBXVariantGroup section */
		1A90F28E24B5743100197B52 /* Main.storyboard */ = {
			isa = PBXVariantGroup;
			children = (
				1A90F28F24B5743100197B52 /* Base */,
			);
			name = Main.storyboard;
			sourceTree = "<group>";
		};
		1A90F29624B5743A00197B52 /* LaunchScreen.storyboard */ = {
			isa = PBXVariantGroup;
			children = (
				1A90F29724B5743A00197B52 /* Base */,
			);
			name = LaunchScreen.storyboard;
			sourceTree = "<group>";
		};
/* End PBXVariantGroup section */

/* Begin XCBuildConfiguration section */
		1A90F2B024B5743A00197B52 /* Debug */ = {
			isa = XCBuildConfiguration;
			buildSettings = {
				ALWAYS_SEARCH_USER_PATHS = NO;
				CLANG_ANALYZER_NONNULL = YES;
				CLANG_ANALYZER_NUMBER_OBJECT_CONVERSION = YES_AGGRESSIVE;
				CLANG_CXX_LANGUAGE_STANDARD = "gnu++14";
				CLANG_CXX_LIBRARY = "libc++";
				CLANG_ENABLE_MODULES = YES;
				CLANG_ENABLE_OBJC_ARC = YES;
				CLANG_ENABLE_OBJC_WEAK = YES;
				CLANG_WARN_BLOCK_CAPTURE_AUTORELEASING = YES;
				CLANG_WARN_BOOL_CONVERSION = YES;
				CLANG_WARN_COMMA = YES;
				CLANG_WARN_CONSTANT_CONVERSION = YES;
				CLANG_WARN_DEPRECATED_OBJC_IMPLEMENTATIONS = YES;
				CLANG_WARN_DIRECT_OBJC_ISA_USAGE = YES_ERROR;
				CLANG_WARN_DOCUMENTATION_COMMENTS = YES;
				CLANG_WARN_EMPTY_BODY = YES;
				CLANG_WARN_ENUM_CONVERSION = YES;
				CLANG_WARN_INFINITE_RECURSION = YES;
				CLANG_WARN_INT_CONVERSION = YES;
				CLANG_WARN_NON_LITERAL_NULL_CONVERSION = YES;
				CLANG_WARN_OBJC_IMPLICIT_RETAIN_SELF = YES;
				CLANG_WARN_OBJC_LITERAL_CONVERSION = YES;
				CLANG_WARN_OBJC_ROOT_CLASS = YES_ERROR;
				CLANG_WARN_RANGE_LOOP_ANALYSIS = YES;
				CLANG_WARN_STRICT_PROTOTYPES = YES;
				CLANG_WARN_SUSPICIOUS_MOVE = YES;
				CLANG_WARN_UNGUARDED_AVAILABILITY = YES_AGGRESSIVE;
				CLANG_WARN_UNREACHABLE_CODE = YES;
				CLANG_WARN__DUPLICATE_METHOD_MATCH = YES;
				COPY_PHASE_STRIP = NO;
				DEBUG_INFORMATION_FORMAT = dwarf;
				ENABLE_STRICT_OBJC_MSGSEND = YES;
				ENABLE_TESTABILITY = YES;
				GCC_C_LANGUAGE_STANDARD = gnu11;
				GCC_DYNAMIC_NO_PIC = NO;
				GCC_NO_COMMON_BLOCKS = YES;
				GCC_OPTIMIZATION_LEVEL = 0;
				GCC_PREPROCESSOR_DEFINITIONS = (
					"DEBUG=1",
					"$(inherited)",
				);
				GCC_WARN_64_TO_32_BIT_CONVERSION = YES;
				GCC_WARN_ABOUT_RETURN_TYPE = YES_ERROR;
				GCC_WARN_UNDECLARED_SELECTOR = YES;
				GCC_WARN_UNINITIALIZED_AUTOS = YES_AGGRESSIVE;
				GCC_WARN_UNUSED_FUNCTION = YES;
				GCC_WARN_UNUSED_VARIABLE = YES;
				IPHONEOS_DEPLOYMENT_TARGET = 13.5;
				MTL_ENABLE_DEBUG_INFO = INCLUDE_SOURCE;
				MTL_FAST_MATH = YES;
				ONLY_ACTIVE_ARCH = YES;
				SDKROOT = iphoneos;
				SWIFT_ACTIVE_COMPILATION_CONDITIONS = DEBUG;
				SWIFT_OPTIMIZATION_LEVEL = "-Onone";
			};
			name = Debug;
		};
		1A90F2B124B5743A00197B52 /* Release */ = {
			isa = XCBuildConfiguration;
			buildSettings = {
				ALWAYS_SEARCH_USER_PATHS = NO;
				CLANG_ANALYZER_NONNULL = YES;
				CLANG_ANALYZER_NUMBER_OBJECT_CONVERSION = YES_AGGRESSIVE;
				CLANG_CXX_LANGUAGE_STANDARD = "gnu++14";
				CLANG_CXX_LIBRARY = "libc++";
				CLANG_ENABLE_MODULES = YES;
				CLANG_ENABLE_OBJC_ARC = YES;
				CLANG_ENABLE_OBJC_WEAK = YES;
				CLANG_WARN_BLOCK_CAPTURE_AUTORELEASING = YES;
				CLANG_WARN_BOOL_CONVERSION = YES;
				CLANG_WARN_COMMA = YES;
				CLANG_WARN_CONSTANT_CONVERSION = YES;
				CLANG_WARN_DEPRECATED_OBJC_IMPLEMENTATIONS = YES;
				CLANG_WARN_DIRECT_OBJC_ISA_USAGE = YES_ERROR;
				CLANG_WARN_DOCUMENTATION_COMMENTS = YES;
				CLANG_WARN_EMPTY_BODY = YES;
				CLANG_WARN_ENUM_CONVERSION = YES;
				CLANG_WARN_INFINITE_RECURSION = YES;
				CLANG_WARN_INT_CONVERSION = YES;
				CLANG_WARN_NON_LITERAL_NULL_CONVERSION = YES;
				CLANG_WARN_OBJC_IMPLICIT_RETAIN_SELF = YES;
				CLANG_WARN_OBJC_LITERAL_CONVERSION = YES;
				CLANG_WARN_OBJC_ROOT_CLASS = YES_ERROR;
				CLANG_WARN_RANGE_LOOP_ANALYSIS = YES;
				CLANG_WARN_STRICT_PROTOTYPES = YES;
				CLANG_WARN_SUSPICIOUS_MOVE = YES;
				CLANG_WARN_UNGUARDED_AVAILABILITY = YES_AGGRESSIVE;
				CLANG_WARN_UNREACHABLE_CODE = YES;
				CLANG_WARN__DUPLICATE_METHOD_MATCH = YES;
				COPY_PHASE_STRIP = NO;
				DEBUG_INFORMATION_FORMAT = "dwarf-with-dsym";
				ENABLE_NS_ASSERTIONS = NO;
				ENABLE_STRICT_OBJC_MSGSEND = YES;
				GCC_C_LANGUAGE_STANDARD = gnu11;
				GCC_NO_COMMON_BLOCKS = YES;
				GCC_WARN_64_TO_32_BIT_CONVERSION = YES;
				GCC_WARN_ABOUT_RETURN_TYPE = YES_ERROR;
				GCC_WARN_UNDECLARED_SELECTOR = YES;
				GCC_WARN_UNINITIALIZED_AUTOS = YES_AGGRESSIVE;
				GCC_WARN_UNUSED_FUNCTION = YES;
				GCC_WARN_UNUSED_VARIABLE = YES;
				IPHONEOS_DEPLOYMENT_TARGET = 13.5;
				MTL_ENABLE_DEBUG_INFO = NO;
				MTL_FAST_MATH = YES;
				SDKROOT = iphoneos;
				SWIFT_COMPILATION_MODE = wholemodule;
				SWIFT_OPTIMIZATION_LEVEL = "-O";
				VALIDATE_PRODUCT = YES;
			};
			name = Release;
		};
		1A90F2B324B5743A00197B52 /* Debug */ = {
			isa = XCBuildConfiguration;
			buildSettings = {
				ASSETCATALOG_COMPILER_APPICON_NAME = AppIcon;
				CODE_SIGN_STYLE = Automatic;
				DEVELOPMENT_TEAM = K43KTH2CRR;
				INFOPLIST_FILE = MyWeather/Info.plist;
				LD_RUNPATH_SEARCH_PATHS = (
					"$(inherited)",
					"@executable_path/Frameworks",
				);
				PRODUCT_BUNDLE_IDENTIFIER = DevDemo.MyWeather;
				PRODUCT_NAME = "$(TARGET_NAME)";
				SWIFT_VERSION = 5.0;
				TARGETED_DEVICE_FAMILY = "1,2";
			};
			name = Debug;
		};
		1A90F2B424B5743A00197B52 /* Release */ = {
			isa = XCBuildConfiguration;
			buildSettings = {
				ASSETCATALOG_COMPILER_APPICON_NAME = AppIcon;
				CODE_SIGN_STYLE = Automatic;
				DEVELOPMENT_TEAM = K43KTH2CRR;
				INFOPLIST_FILE = MyWeather/Info.plist;
				LD_RUNPATH_SEARCH_PATHS = (
					"$(inherited)",
					"@executable_path/Frameworks",
				);
				PRODUCT_BUNDLE_IDENTIFIER = DevDemo.MyWeather;
				PRODUCT_NAME = "$(TARGET_NAME)";
				SWIFT_VERSION = 5.0;
				TARGETED_DEVICE_FAMILY = "1,2";
			};
			name = Release;
		};
		1A90F2B624B5743A00197B52 /* Debug */ = {
			isa = XCBuildConfiguration;
			buildSettings = {
				ALWAYS_EMBED_SWIFT_STANDARD_LIBRARIES = YES;
				BUNDLE_LOADER = "$(TEST_HOST)";
				CODE_SIGN_STYLE = Automatic;
				DEVELOPMENT_TEAM = K43KTH2CRR;
				INFOPLIST_FILE = MyWeatherTests/Info.plist;
				IPHONEOS_DEPLOYMENT_TARGET = 13.5;
				LD_RUNPATH_SEARCH_PATHS = (
					"$(inherited)",
					"@executable_path/Frameworks",
					"@loader_path/Frameworks",
				);
				PRODUCT_BUNDLE_IDENTIFIER = DevDemo.MyWeatherTests;
				PRODUCT_NAME = "$(TARGET_NAME)";
				SWIFT_VERSION = 5.0;
				TARGETED_DEVICE_FAMILY = "1,2";
				TEST_HOST = "$(BUILT_PRODUCTS_DIR)/MyWeather.app/MyWeather";
			};
			name = Debug;
		};
		1A90F2B724B5743A00197B52 /* Release */ = {
			isa = XCBuildConfiguration;
			buildSettings = {
				ALWAYS_EMBED_SWIFT_STANDARD_LIBRARIES = YES;
				BUNDLE_LOADER = "$(TEST_HOST)";
				CODE_SIGN_STYLE = Automatic;
				DEVELOPMENT_TEAM = K43KTH2CRR;
				INFOPLIST_FILE = MyWeatherTests/Info.plist;
				IPHONEOS_DEPLOYMENT_TARGET = 13.5;
				LD_RUNPATH_SEARCH_PATHS = (
					"$(inherited)",
					"@executable_path/Frameworks",
					"@loader_path/Frameworks",
				);
				PRODUCT_BUNDLE_IDENTIFIER = DevDemo.MyWeatherTests;
				PRODUCT_NAME = "$(TARGET_NAME)";
				SWIFT_VERSION = 5.0;
				TARGETED_DEVICE_FAMILY = "1,2";
				TEST_HOST = "$(BUILT_PRODUCTS_DIR)/MyWeather.app/MyWeather";
			};
			name = Release;
		};
		1A90F2B924B5743A00197B52 /* Debug */ = {
			isa = XCBuildConfiguration;
			buildSettings = {
				ALWAYS_EMBED_SWIFT_STANDARD_LIBRARIES = YES;
				CODE_SIGN_STYLE = Automatic;
				DEVELOPMENT_TEAM = K43KTH2CRR;
				INFOPLIST_FILE = MyWeatherUITests/Info.plist;
				LD_RUNPATH_SEARCH_PATHS = (
					"$(inherited)",
					"@executable_path/Frameworks",
					"@loader_path/Frameworks",
				);
				PRODUCT_BUNDLE_IDENTIFIER = DevDemo.MyWeatherUITests;
				PRODUCT_NAME = "$(TARGET_NAME)";
				SWIFT_VERSION = 5.0;
				TARGETED_DEVICE_FAMILY = "1,2";
				TEST_TARGET_NAME = MyWeather;
			};
			name = Debug;
		};
		1A90F2BA24B5743A00197B52 /* Release */ = {
			isa = XCBuildConfiguration;
			buildSettings = {
				ALWAYS_EMBED_SWIFT_STANDARD_LIBRARIES = YES;
				CODE_SIGN_STYLE = Automatic;
				DEVELOPMENT_TEAM = K43KTH2CRR;
				INFOPLIST_FILE = MyWeatherUITests/Info.plist;
				LD_RUNPATH_SEARCH_PATHS = (
					"$(inherited)",
					"@executable_path/Frameworks",
					"@loader_path/Frameworks",
				);
				PRODUCT_BUNDLE_IDENTIFIER = DevDemo.MyWeatherUITests;
				PRODUCT_NAME = "$(TARGET_NAME)";
				SWIFT_VERSION = 5.0;
				TARGETED_DEVICE_FAMILY = "1,2";
				TEST_TARGET_NAME = MyWeather;
			};
			name = Release;
		};
/* End XCBuildConfiguration section */

/* Begin XCConfigurationList section */
		1A90F28024B5743100197B52 /* Build configuration list for PBXProject "MyWeather" */ = {
			isa = XCConfigurationList;
			buildConfigurations = (
				1A90F2B024B5743A00197B52 /* Debug */,
				1A90F2B124B5743A00197B52 /* Release */,
			);
			defaultConfigurationIsVisible = 0;
			defaultConfigurationName = Release;
		};
		1A90F2B224B5743A00197B52 /* Build configuration list for PBXNativeTarget "MyWeather" */ = {
			isa = XCConfigurationList;
			buildConfigurations = (
				1A90F2B324B5743A00197B52 /* Debug */,
				1A90F2B424B5743A00197B52 /* Release */,
			);
			defaultConfigurationIsVisible = 0;
			defaultConfigurationName = Release;
		};
		1A90F2B524B5743A00197B52 /* Build configuration list for PBXNativeTarget "MyWeatherTests" */ = {
			isa = XCConfigurationList;
			buildConfigurations = (
				1A90F2B624B5743A00197B52 /* Debug */,
				1A90F2B724B5743A00197B52 /* Release */,
			);
			defaultConfigurationIsVisible = 0;
			defaultConfigurationName = Release;
		};
		1A90F2B824B5743A00197B52 /* Build configuration list for PBXNativeTarget "MyWeatherUITests" */ = {
			isa = XCConfigurationList;
			buildConfigurations = (
				1A90F2B924B5743A00197B52 /* Debug */,
				1A90F2BA24B5743A00197B52 /* Release */,
			);
			defaultConfigurationIsVisible = 0;
			defaultConfigurationName = Release;
		};
/* End XCConfigurationList section */

/* Begin XCVersionGroup section */
		1A90F29124B5743100197B52 /* MyWeather.xcdatamodeld */ = {
			isa = XCVersionGroup;
			children = (
				1A90F29224B5743100197B52 /* MyWeather.xcdatamodel */,
			);
			currentVersion = 1A90F29224B5743100197B52 /* MyWeather.xcdatamodel */;
			path = MyWeather.xcdatamodeld;
			sourceTree = "<group>";
			versionGroupType = wrapper.xcdatamodel;
		};
/* End XCVersionGroup section */
	};
	rootObject = 1A90F27D24B5743100197B52 /* Project object */;
}
